// !$*UTF8*$!
{
	archiveVersion = 1;
	classes = {
	};
	objectVersion = 46;
	objects = {

/* Begin PBXBuildFile section */
		1A0C2A4D199F214E00FE2DFE /* AppDelegate.swift in Sources */ = {isa = PBXBuildFile; fileRef = 1A0C2A4C199F214E00FE2DFE /* AppDelegate.swift */; };
		1A0C2A4F199F214E00FE2DFE /* ViewController.swift in Sources */ = {isa = PBXBuildFile; fileRef = 1A0C2A4E199F214E00FE2DFE /* ViewController.swift */; };
		1A0C2A52199F214E00FE2DFE /* Main.storyboard in Resources */ = {isa = PBXBuildFile; fileRef = 1A0C2A50199F214E00FE2DFE /* Main.storyboard */; };
		1A0C2A54199F214E00FE2DFE /* Images.xcassets in Resources */ = {isa = PBXBuildFile; fileRef = 1A0C2A53199F214E00FE2DFE /* Images.xcassets */; };
		1A0C2A60199F214F00FE2DFE /* jamespang_weather_appTests.swift in Sources */ = {isa = PBXBuildFile; fileRef = 1A0C2A5F199F214F00FE2DFE /* jamespang_weather_appTests.swift */; };
		1A75E36C19A0894300FEA4D3 /* search1.jpg in Resources */ = {isa = PBXBuildFile; fileRef = 1A75E36B19A0894300FEA4D3 /* search1.jpg */; };
/* End PBXBuildFile section */

/* Begin PBXContainerItemProxy section */
		1A0C2A5A199F214F00FE2DFE /* PBXContainerItemProxy */ = {
			isa = PBXContainerItemProxy;
			containerPortal = 1A0C2A3F199F214E00FE2DFE /* Project object */;
			proxyType = 1;
			remoteGlobalIDString = 1A0C2A46199F214E00FE2DFE;
			remoteInfo = "jamespang-weather-app";
		};
/* End PBXContainerItemProxy section */

/* Begin PBXFileReference section */
		1A0C2A47199F214E00FE2DFE /* jamespang-weather-app.app */ = {isa = PBXFileReference; explicitFileType = wrapper.application; includeInIndex = 0; path = "jamespang-weather-app.app"; sourceTree = BUILT_PRODUCTS_DIR; };
		1A0C2A4B199F214E00FE2DFE /* Info.plist */ = {isa = PBXFileReference; lastKnownFileType = text.plist.xml; path = Info.plist; sourceTree = "<group>"; };
		1A0C2A4C199F214E00FE2DFE /* AppDelegate.swift */ = {isa = PBXFileReference; lastKnownFileType = sourcecode.swift; path = AppDelegate.swift; sourceTree = "<group>"; xcLanguageSpecificationIdentifier = xcode.lang.simpleColoring; };
		1A0C2A4E199F214E00FE2DFE /* ViewController.swift */ = {isa = PBXFileReference; lastKnownFileType = sourcecode.swift; path = ViewController.swift; sourceTree = "<group>"; };
		1A0C2A51199F214E00FE2DFE /* Base */ = {isa = PBXFileReference; lastKnownFileType = file.storyboard; name = Base; path = Base.lproj/Main.storyboard; sourceTree = "<group>"; };
		1A0C2A53199F214E00FE2DFE /* Images.xcassets */ = {isa = PBXFileReference; lastKnownFileType = folder.assetcatalog; path = Images.xcassets; sourceTree = "<group>"; };
		1A0C2A59199F214F00FE2DFE /* jamespang-weather-appTests.xctest */ = {isa = PBXFileReference; explicitFileType = wrapper.cfbundle; includeInIndex = 0; path = "jamespang-weather-appTests.xctest"; sourceTree = BUILT_PRODUCTS_DIR; };
		1A0C2A5E199F214F00FE2DFE /* Info.plist */ = {isa = PBXFileReference; lastKnownFileType = text.plist.xml; path = Info.plist; sourceTree = "<group>"; };
		1A0C2A5F199F214F00FE2DFE /* jamespang_weather_appTests.swift */ = {isa = PBXFileReference; lastKnownFileType = sourcecode.swift; path = jamespang_weather_appTests.swift; sourceTree = "<group>"; };
		1A75E36B19A0894300FEA4D3 /* search1.jpg */ = {isa = PBXFileReference; lastKnownFileType = image.jpeg; path = search1.jpg; sourceTree = "<group>"; };
/* End PBXFileReference section */

/* Begin PBXFrameworksBuildPhase section */
		1A0C2A44199F214E00FE2DFE /* Frameworks */ = {
			isa = PBXFrameworksBuildPhase;
			buildActionMask = 2147483647;
			files = (
			);
			runOnlyForDeploymentPostprocessing = 0;
		};
		1A0C2A56199F214F00FE2DFE /* Frameworks */ = {
			isa = PBXFrameworksBuildPhase;
			buildActionMask = 2147483647;
			files = (
			);
			runOnlyForDeploymentPostprocessing = 0;
		};
/* End PBXFrameworksBuildPhase section */

/* Begin PBXGroup section */
		1A0C2A3E199F214E00FE2DFE = {
			isa = PBXGroup;
			children = (
				1A0C2A49199F214E00FE2DFE /* jamespang-weather-app */,
				1A0C2A5C199F214F00FE2DFE /* jamespang-weather-appTests */,
				1A0C2A48199F214E00FE2DFE /* Products */,
			);
			sourceTree = "<group>";
		};
		1A0C2A48199F214E00FE2DFE /* Products */ = {
			isa = PBXGroup;
			children = (
				1A0C2A47199F214E00FE2DFE /* jamespang-weather-app.app */,
				1A0C2A59199F214F00FE2DFE /* jamespang-weather-appTests.xctest */,
			);
			name = Products;
			sourceTree = "<group>";
		};
		1A0C2A49199F214E00FE2DFE /* jamespang-weather-app */ = {
			isa = PBXGroup;
			children = (
				1A0C2A4C199F214E00FE2DFE /* AppDelegate.swift */,
				1A0C2A4E199F214E00FE2DFE /* ViewController.swift */,
				1A0C2A50199F214E00FE2DFE /* Main.storyboard */,
				1A0C2A53199F214E00FE2DFE /* Images.xcassets */,
				1A0C2A4A199F214E00FE2DFE /* Supporting Files */,
			);
			path = "jamespang-weather-app";
			sourceTree = "<group>";
		};
		1A0C2A4A199F214E00FE2DFE /* Supporting Files */ = {
			isa = PBXGroup;
			children = (
				1A0C2A4B199F214E00FE2DFE /* Info.plist */,
				1A75E36B19A0894300FEA4D3 /* search1.jpg */,
			);
			name = "Supporting Files";
			sourceTree = "<group>";
		};
		1A0C2A5C199F214F00FE2DFE /* jamespang-weather-appTests */ = {
			isa = PBXGroup;
			children = (
				1A0C2A5F199F214F00FE2DFE /* jamespang_weather_appTests.swift */,
				1A0C2A5D199F214F00FE2DFE /* Supporting Files */,
			);
			path = "jamespang-weather-appTests";
			sourceTree = "<group>";
		};
		1A0C2A5D199F214F00FE2DFE /* Supporting Files */ = {
			isa = PBXGroup;
			children = (
				1A0C2A5E199F214F00FE2DFE /* Info.plist */,
			);
			name = "Supporting Files";
			sourceTree = "<group>";
		};
/* End PBXGroup section */

/* Begin PBXNativeTarget section */
		1A0C2A46199F214E00FE2DFE /* jamespang-weather-app */ = {
			isa = PBXNativeTarget;
			buildConfigurationList = 1A0C2A63199F214F00FE2DFE /* Build configuration list for PBXNativeTarget "jamespang-weather-app" */;
			buildPhases = (
				1A0C2A43199F214E00FE2DFE /* Sources */,
				1A0C2A44199F214E00FE2DFE /* Frameworks */,
				1A0C2A45199F214E00FE2DFE /* Resources */,
			);
			buildRules = (
			);
			dependencies = (
			);
			name = "jamespang-weather-app";
			productName = "jamespang-weather-app";
			productReference = 1A0C2A47199F214E00FE2DFE /* jamespang-weather-app.app */;
			productType = "com.apple.product-type.application";
		};
		1A0C2A58199F214F00FE2DFE /* jamespang-weather-appTests */ = {
			isa = PBXNativeTarget;
			buildConfigurationList = 1A0C2A66199F214F00FE2DFE /* Build configuration list for PBXNativeTarget "jamespang-weather-appTests" */;
			buildPhases = (
				1A0C2A55199F214F00FE2DFE /* Sources */,
				1A0C2A56199F214F00FE2DFE /* Frameworks */,
				1A0C2A57199F214F00FE2DFE /* Resources */,
			);
			buildRules = (
			);
			dependencies = (
				1A0C2A5B199F214F00FE2DFE /* PBXTargetDependency */,
			);
			name = "jamespang-weather-appTests";
			productName = "jamespang-weather-appTests";
			productReference = 1A0C2A59199F214F00FE2DFE /* jamespang-weather-appTests.xctest */;
			productType = "com.apple.product-type.bundle.unit-test";
		};
/* End PBXNativeTarget section */

/* Begin PBXProject section */
		1A0C2A3F199F214E00FE2DFE /* Project object */ = {
			isa = PBXProject;
			attributes = {
				LastUpgradeCheck = 0600;
				ORGANIZATIONNAME = com.smart.h2;
				TargetAttributes = {
					1A0C2A46199F214E00FE2DFE = {
						CreatedOnToolsVersion = 6.0;
					};
					1A0C2A58199F214F00FE2DFE = {
						CreatedOnToolsVersion = 6.0;
						TestTargetID = 1A0C2A46199F214E00FE2DFE;
					};
				};
			};
			buildConfigurationList = 1A0C2A42199F214E00FE2DFE /* Build configuration list for PBXProject "jamespang-weather-app" */;
			compatibilityVersion = "Xcode 3.2";
			developmentRegion = English;
			hasScannedForEncodings = 0;
			knownRegions = (
				en,
				Base,
			);
			mainGroup = 1A0C2A3E199F214E00FE2DFE;
			productRefGroup = 1A0C2A48199F214E00FE2DFE /* Products */;
			projectDirPath = "";
			projectRoot = "";
			targets = (
				1A0C2A46199F214E00FE2DFE /* jamespang-weather-app */,
				1A0C2A58199F214F00FE2DFE /* jamespang-weather-appTests */,
			);
		};
/* End PBXProject section */

/* Begin PBXResourcesBuildPhase section */
		1A0C2A45199F214E00FE2DFE /* Resources */ = {
			isa = PBXResourcesBuildPhase;
			buildActionMask = 2147483647;
			files = (
				1A75E36C19A0894300FEA4D3 /* search1.jpg in Resources */,
				1A0C2A52199F214E00FE2DFE /* Main.storyboard in Resources */,
				1A0C2A54199F214E00FE2DFE /* Images.xcassets in Resources */,
			);
			runOnlyForDeploymentPostprocessing = 0;
		};
		1A0C2A57199F214F00FE2DFE /* Resources */ = {
			isa = PBXResourcesBuildPhase;
			buildActionMask = 2147483647;
			files = (
			);
			runOnlyForDeploymentPostprocessing = 0;
		};
/* End PBXResourcesBuildPhase section */

/* Begin PBXSourcesBuildPhase section */
		1A0C2A43199F214E00FE2DFE /* Sources */ = {
			isa = PBXSourcesBuildPhase;
			buildActionMask = 2147483647;
			files = (
				1A0C2A4F199F214E00FE2DFE /* ViewController.swift in Sources */,
				1A0C2A4D199F214E00FE2DFE /* AppDelegate.swift in Sources */,
			);
			runOnlyForDeploymentPostprocessing = 0;
		};
		1A0C2A55199F214F00FE2DFE /* Sources */ = {
			isa = PBXSourcesBuildPhase;
			buildActionMask = 2147483647;
			files = (
				1A0C2A60199F214F00FE2DFE /* jamespang_weather_appTests.swift in Sources */,
			);
			runOnlyForDeploymentPostprocessing = 0;
		};
/* End PBXSourcesBuildPhase section */

/* Begin PBXTargetDependency section */
		1A0C2A5B199F214F00FE2DFE /* PBXTargetDependency */ = {
			isa = PBXTargetDependency;
			target = 1A0C2A46199F214E00FE2DFE /* jamespang-weather-app */;
			targetProxy = 1A0C2A5A199F214F00FE2DFE /* PBXContainerItemProxy */;
		};
/* End PBXTargetDependency section */

/* Begin PBXVariantGroup section */
		1A0C2A50199F214E00FE2DFE /* Main.storyboard */ = {
			isa = PBXVariantGroup;
			children = (
				1A0C2A51199F214E00FE2DFE /* Base */,
			);
			name = Main.storyboard;
			sourceTree = "<group>";
		};
/* End PBXVariantGroup section */

/* Begin XCBuildConfiguration section */
		1A0C2A61199F214F00FE2DFE /* Debug */ = {
			isa = XCBuildConfiguration;
			buildSettings = {
				ALWAYS_SEARCH_USER_PATHS = NO;
				CLANG_CXX_LANGUAGE_STANDARD = "gnu++0x";
				CLANG_CXX_LIBRARY = "libc++";
				CLANG_ENABLE_MODULES = YES;
				CLANG_ENABLE_OBJC_ARC = YES;
				CLANG_WARN_BOOL_CONVERSION = YES;
				CLANG_WARN_CONSTANT_CONVERSION = YES;
				CLANG_WARN_DIRECT_OBJC_ISA_USAGE = YES_ERROR;
				CLANG_WARN_EMPTY_BODY = YES;
				CLANG_WARN_ENUM_CONVERSION = YES;
				CLANG_WARN_INT_CONVERSION = YES;
				CLANG_WARN_OBJC_ROOT_CLASS = YES_ERROR;
				CLANG_WARN_UNREACHABLE_CODE = YES;
				CLANG_WARN__DUPLICATE_METHOD_MATCH = YES;
				"CODE_SIGN_IDENTITY[sdk=iphoneos*]" = "iPhone Developer";
				COPY_PHASE_STRIP = NO;
				ENABLE_STRICT_OBJC_MSGSEND = YES;
				GCC_C_LANGUAGE_STANDARD = gnu99;
				GCC_DYNAMIC_NO_PIC = NO;
				GCC_OPTIMIZATION_LEVEL = 0;
				GCC_PREPROCESSOR_DEFINITIONS = (
					"DEBUG=1",
					"$(inherited)",
				);
				GCC_SYMBOLS_PRIVATE_EXTERN = NO;
				GCC_WARN_64_TO_32_BIT_CONVERSION = YES;
				GCC_WARN_ABOUT_RETURN_TYPE = YES_ERROR;
				GCC_WARN_UNDECLARED_SELECTOR = YES;
				GCC_WARN_UNINITIALIZED_AUTOS = YES_AGGRESSIVE;
				GCC_WARN_UNUSED_FUNCTION = YES;
				GCC_WARN_UNUSED_VARIABLE = YES;
				IPHONEOS_DEPLOYMENT_TARGET = 8.0;
				MTL_ENABLE_DEBUG_INFO = YES;
				ONLY_ACTIVE_ARCH = YES;
				SDKROOT = iphoneos;
				SWIFT_OPTIMIZATION_LEVEL = "-Onone";
				TARGETED_DEVICE_FAMILY = "1,2";
			};
			name = Debug;
		};
		1A0C2A62199F214F00FE2DFE /* Release */ = {
			isa = XCBuildConfiguration;
			buildSettings = {
				ALWAYS_SEARCH_USER_PATHS = NO;
				CLANG_CXX_LANGUAGE_STANDARD = "gnu++0x";
				CLANG_CXX_LIBRARY = "libc++";
				CLANG_ENABLE_MODULES = YES;
				CLANG_ENABLE_OBJC_ARC = YES;
				CLANG_WARN_BOOL_CONVERSION = YES;
				CLANG_WARN_CONSTANT_CONVERSION = YES;
				CLANG_WARN_DIRECT_OBJC_ISA_USAGE = YES_ERROR;
				CLANG_WARN_EMPTY_BODY = YES;
				CLANG_WARN_ENUM_CONVERSION = YES;
				CLANG_WARN_INT_CONVERSION = YES;
				CLANG_WARN_OBJC_ROOT_CLASS = YES_ERROR;
				CLANG_WARN_UNREACHABLE_CODE = YES;
				CLANG_WARN__DUPLICATE_METHOD_MATCH = YES;
				"CODE_SIGN_IDENTITY[sdk=iphoneos*]" = "iPhone Developer";
				COPY_PHASE_STRIP = YES;
				ENABLE_NS_ASSERTIONS = NO;
				ENABLE_STRICT_OBJC_MSGSEND = YES;
				GCC_C_LANGUAGE_STANDARD = gnu99;
				GCC_WARN_64_TO_32_BIT_CONVERSION = YES;
				GCC_WARN_ABOUT_RETURN_TYPE = YES_ERROR;
				GCC_WARN_UNDECLARED_SELECTOR = YES;
				GCC_WARN_UNINITIALIZED_AUTOS = YES_AGGRESSIVE;
				GCC_WARN_UNUSED_FUNCTION = YES;
				GCC_WARN_UNUSED_VARIABLE = YES;
				IPHONEOS_DEPLOYMENT_TARGET = 8.0;
				MTL_ENABLE_DEBUG_INFO = NO;
				SDKROOT = iphoneos;
				TARGETED_DEVICE_FAMILY = "1,2";
				VALIDATE_PRODUCT = YES;
			};
			name = Release;
		};
		1A0C2A64199F214F00FE2DFE /* Debug */ = {
			isa = XCBuildConfiguration;
			buildSettings = {
				ASSETCATALOG_COMPILER_APPICON_NAME = AppIcon;
				ASSETCATALOG_COMPILER_LAUNCHIMAGE_NAME = LaunchImage;
				INFOPLIST_FILE = "jamespang-weather-app/Info.plist";
				LD_RUNPATH_SEARCH_PATHS = "$(inherited) @executable_path/Frameworks";
				PRODUCT_NAME = "$(TARGET_NAME)";
			};
			name = Debug;
		};
		1A0C2A65199F214F00FE2DFE /* Release */ = {
			isa = XCBuildConfiguration;
			buildSettings = {
				ASSETCATALOG_COMPILER_APPICON_NAME = AppIcon;
				ASSETCATALOG_COMPILER_LAUNCHIMAGE_NAME = LaunchImage;
				INFOPLIST_FILE = "jamespang-weather-app/Info.plist";
				LD_RUNPATH_SEARCH_PATHS = "$(inherited) @executable_path/Frameworks";
				PRODUCT_NAME = "$(TARGET_NAME)";
			};
			name = Release;
		};
		1A0C2A67199F214F00FE2DFE /* Debug */ = {
			isa = XCBuildConfiguration;
			buildSettings = {
				BUNDLE_LOADER = "$(TEST_HOST)";
				FRAMEWORK_SEARCH_PATHS = (
					"$(SDKROOT)/Developer/Library/Frameworks",
					"$(inherited)",
				);
				GCC_PREPROCESSOR_DEFINITIONS = (
					"DEBUG=1",
					"$(inherited)",
				);
				INFOPLIST_FILE = "jamespang-weather-appTests/Info.plist";
				LD_RUNPATH_SEARCH_PATHS = "$(inherited) @executable_path/Frameworks @loader_path/Frameworks";
				PRODUCT_NAME = "$(TARGET_NAME)";
				TEST_HOST = "$(BUILT_PRODUCTS_DIR)/jamespang-weather-app.app/jamespang-weather-app";
			};
			name = Debug;
		};
		1A0C2A68199F214F00FE2DFE /* Release */ = {
			isa = XCBuildConfiguration;
			buildSettings = {
				BUNDLE_LOADER = "$(TEST_HOST)";
				FRAMEWORK_SEARCH_PATHS = (
					"$(SDKROOT)/Developer/Library/Frameworks",
					"$(inherited)",
				);
				INFOPLIST_FILE = "jamespang-weather-appTests/Info.plist";
				LD_RUNPATH_SEARCH_PATHS = "$(inherited) @executable_path/Frameworks @loader_path/Frameworks";
				PRODUCT_NAME = "$(TARGET_NAME)";
				TEST_HOST = "$(BUILT_PRODUCTS_DIR)/jamespang-weather-app.app/jamespang-weather-app";
			};
			name = Release;
		};
/* End XCBuildConfiguration section */

/* Begin XCConfigurationList section */
		1A0C2A42199F214E00FE2DFE /* Build configuration list for PBXProject "jamespang-weather-app" */ = {
			isa = XCConfigurationList;
			buildConfigurations = (
				1A0C2A61199F214F00FE2DFE /* Debug */,
				1A0C2A62199F214F00FE2DFE /* Release */,
			);
			defaultConfigurationIsVisible = 0;
			defaultConfigurationName = Release;
		};
		1A0C2A63199F214F00FE2DFE /* Build configuration list for PBXNativeTarget "jamespang-weather-app" */ = {
			isa = XCConfigurationList;
			buildConfigurations = (
				1A0C2A64199F214F00FE2DFE /* Debug */,
				1A0C2A65199F214F00FE2DFE /* Release */,
			);
			defaultConfigurationIsVisible = 0;
			defaultConfigurationName = Release;
		};
		1A0C2A66199F214F00FE2DFE /* Build configuration list for PBXNativeTarget "jamespang-weather-appTests" */ = {
			isa = XCConfigurationList;
			buildConfigurations = (
				1A0C2A67199F214F00FE2DFE /* Debug */,
				1A0C2A68199F214F00FE2DFE /* Release */,
			);
			defaultConfigurationIsVisible = 0;
			defaultConfigurationName = Release;
		};
/* End XCConfigurationList section */
	};
	rootObject = 1A0C2A3F199F214E00FE2DFE /* Project object */;
}
